// !$*UTF8*$!
{
	archiveVersion = 1;
	classes = {
	};
	objectVersion = 46;
	objects = {

/* Begin PBXBuildFile section */
		AA7433631C826B4900E70BB8 /* AppDelegate.swift in Sources */ = {isa = PBXBuildFile; fileRef = AA7433621C826B4900E70BB8 /* AppDelegate.swift */; };
		AA7433651C826B4900E70BB8 /* ViewController.swift in Sources */ = {isa = PBXBuildFile; fileRef = AA7433641C826B4900E70BB8 /* ViewController.swift */; };
		AA7433681C826B4900E70BB8 /* Main.storyboard in Resources */ = {isa = PBXBuildFile; fileRef = AA7433661C826B4900E70BB8 /* Main.storyboard */; };
		AA74336A1C826B4900E70BB8 /* Assets.xcassets in Resources */ = {isa = PBXBuildFile; fileRef = AA7433691C826B4900E70BB8 /* Assets.xcassets */; };
		AA74336D1C826B4900E70BB8 /* LaunchScreen.storyboard in Resources */ = {isa = PBXBuildFile; fileRef = AA74336B1C826B4900E70BB8 /* LaunchScreen.storyboard */; };
		AA7433781C826B4900E70BB8 /* GeofenceTests.swift in Sources */ = {isa = PBXBuildFile; fileRef = AA7433771C826B4900E70BB8 /* GeofenceTests.swift */; };
		AA7433831C826B4900E70BB8 /* GeofenceUITests.swift in Sources */ = {isa = PBXBuildFile; fileRef = AA7433821C826B4900E70BB8 /* GeofenceUITests.swift */; };
/* End PBXBuildFile section */

/* Begin PBXContainerItemProxy section */
		AA7433741C826B4900E70BB8 /* PBXContainerItemProxy */ = {
			isa = PBXContainerItemProxy;
			containerPortal = AA7433571C826B4900E70BB8 /* Project object */;
			proxyType = 1;
			remoteGlobalIDString = AA74335E1C826B4900E70BB8;
			remoteInfo = Geofence;
		};
		AA74337F1C826B4900E70BB8 /* PBXContainerItemProxy */ = {
			isa = PBXContainerItemProxy;
			containerPortal = AA7433571C826B4900E70BB8 /* Project object */;
			proxyType = 1;
			remoteGlobalIDString = AA74335E1C826B4900E70BB8;
			remoteInfo = Geofence;
		};
/* End PBXContainerItemProxy section */

/* Begin PBXFileReference section */
		AA74335F1C826B4900E70BB8 /* Geofence.app */ = {isa = PBXFileReference; explicitFileType = wrapper.application; includeInIndex = 0; path = Geofence.app; sourceTree = BUILT_PRODUCTS_DIR; };
		AA7433621C826B4900E70BB8 /* AppDelegate.swift */ = {isa = PBXFileReference; lastKnownFileType = sourcecode.swift; path = AppDelegate.swift; sourceTree = "<group>"; };
		AA7433641C826B4900E70BB8 /* ViewController.swift */ = {isa = PBXFileReference; lastKnownFileType = sourcecode.swift; path = ViewController.swift; sourceTree = "<group>"; };
		AA7433671C826B4900E70BB8 /* Base */ = {isa = PBXFileReference; lastKnownFileType = file.storyboard; name = Base; path = Base.lproj/Main.storyboard; sourceTree = "<group>"; };
		AA7433691C826B4900E70BB8 /* Assets.xcassets */ = {isa = PBXFileReference; lastKnownFileType = folder.assetcatalog; path = Assets.xcassets; sourceTree = "<group>"; };
		AA74336C1C826B4900E70BB8 /* Base */ = {isa = PBXFileReference; lastKnownFileType = file.storyboard; name = Base; path = Base.lproj/LaunchScreen.storyboard; sourceTree = "<group>"; };
		AA74336E1C826B4900E70BB8 /* Info.plist */ = {isa = PBXFileReference; lastKnownFileType = text.plist.xml; path = Info.plist; sourceTree = "<group>"; };
		AA7433731C826B4900E70BB8 /* GeofenceTests.xctest */ = {isa = PBXFileReference; explicitFileType = wrapper.cfbundle; includeInIndex = 0; path = GeofenceTests.xctest; sourceTree = BUILT_PRODUCTS_DIR; };
		AA7433771C826B4900E70BB8 /* GeofenceTests.swift */ = {isa = PBXFileReference; lastKnownFileType = sourcecode.swift; path = GeofenceTests.swift; sourceTree = "<group>"; };
		AA7433791C826B4900E70BB8 /* Info.plist */ = {isa = PBXFileReference; lastKnownFileType = text.plist.xml; path = Info.plist; sourceTree = "<group>"; };
		AA74337E1C826B4900E70BB8 /* GeofenceUITests.xctest */ = {isa = PBXFileReference; explicitFileType = wrapper.cfbundle; includeInIndex = 0; path = GeofenceUITests.xctest; sourceTree = BUILT_PRODUCTS_DIR; };
		AA7433821C826B4900E70BB8 /* GeofenceUITests.swift */ = {isa = PBXFileReference; lastKnownFileType = sourcecode.swift; path = GeofenceUITests.swift; sourceTree = "<group>"; };
		AA7433841C826B4900E70BB8 /* Info.plist */ = {isa = PBXFileReference; lastKnownFileType = text.plist.xml; path = Info.plist; sourceTree = "<group>"; };
/* End PBXFileReference section */

/* Begin PBXFrameworksBuildPhase section */
		AA74335C1C826B4900E70BB8 /* Frameworks */ = {
			isa = PBXFrameworksBuildPhase;
			buildActionMask = 2147483647;
			files = (
			);
			runOnlyForDeploymentPostprocessing = 0;
		};
		AA7433701C826B4900E70BB8 /* Frameworks */ = {
			isa = PBXFrameworksBuildPhase;
			buildActionMask = 2147483647;
			files = (
			);
			runOnlyForDeploymentPostprocessing = 0;
		};
		AA74337B1C826B4900E70BB8 /* Frameworks */ = {
			isa = PBXFrameworksBuildPhase;
			buildActionMask = 2147483647;
			files = (
			);
			runOnlyForDeploymentPostprocessing = 0;
		};
/* End PBXFrameworksBuildPhase section */

/* Begin PBXGroup section */
		AA7433561C826B4900E70BB8 = {
			isa = PBXGroup;
			children = (
				AA7433611C826B4900E70BB8 /* Geofence */,
				AA7433761C826B4900E70BB8 /* GeofenceTests */,
				AA7433811C826B4900E70BB8 /* GeofenceUITests */,
				AA7433601C826B4900E70BB8 /* Products */,
			);
			sourceTree = "<group>";
		};
		AA7433601C826B4900E70BB8 /* Products */ = {
			isa = PBXGroup;
			children = (
				AA74335F1C826B4900E70BB8 /* Geofence.app */,
				AA7433731C826B4900E70BB8 /* GeofenceTests.xctest */,
				AA74337E1C826B4900E70BB8 /* GeofenceUITests.xctest */,
			);
			name = Products;
			sourceTree = "<group>";
		};
		AA7433611C826B4900E70BB8 /* Geofence */ = {
			isa = PBXGroup;
			children = (
				AA7433621C826B4900E70BB8 /* AppDelegate.swift */,
				AA7433641C826B4900E70BB8 /* ViewController.swift */,
				AA7433661C826B4900E70BB8 /* Main.storyboard */,
				AA7433691C826B4900E70BB8 /* Assets.xcassets */,
				AA74336B1C826B4900E70BB8 /* LaunchScreen.storyboard */,
				AA74336E1C826B4900E70BB8 /* Info.plist */,
			);
			path = Geofence;
			sourceTree = "<group>";
		};
		AA7433761C826B4900E70BB8 /* GeofenceTests */ = {
			isa = PBXGroup;
			children = (
				AA7433771C826B4900E70BB8 /* GeofenceTests.swift */,
				AA7433791C826B4900E70BB8 /* Info.plist */,
			);
			path = GeofenceTests;
			sourceTree = "<group>";
		};
		AA7433811C826B4900E70BB8 /* GeofenceUITests */ = {
			isa = PBXGroup;
			children = (
				AA7433821C826B4900E70BB8 /* GeofenceUITests.swift */,
				AA7433841C826B4900E70BB8 /* Info.plist */,
			);
			path = GeofenceUITests;
			sourceTree = "<group>";
		};
/* End PBXGroup section */

/* Begin PBXNativeTarget section */
		AA74335E1C826B4900E70BB8 /* Geofence */ = {
			isa = PBXNativeTarget;
			buildConfigurationList = AA7433871C826B4900E70BB8 /* Build configuration list for PBXNativeTarget "Geofence" */;
			buildPhases = (
				AA74335B1C826B4900E70BB8 /* Sources */,
				AA74335C1C826B4900E70BB8 /* Frameworks */,
				AA74335D1C826B4900E70BB8 /* Resources */,
			);
			buildRules = (
			);
			dependencies = (
			);
			name = Geofence;
			productName = Geofence;
			productReference = AA74335F1C826B4900E70BB8 /* Geofence.app */;
			productType = "com.apple.product-type.application";
		};
		AA7433721C826B4900E70BB8 /* GeofenceTests */ = {
			isa = PBXNativeTarget;
			buildConfigurationList = AA74338A1C826B4900E70BB8 /* Build configuration list for PBXNativeTarget "GeofenceTests" */;
			buildPhases = (
				AA74336F1C826B4900E70BB8 /* Sources */,
				AA7433701C826B4900E70BB8 /* Frameworks */,
				AA7433711C826B4900E70BB8 /* Resources */,
			);
			buildRules = (
			);
			dependencies = (
				AA7433751C826B4900E70BB8 /* PBXTargetDependency */,
			);
			name = GeofenceTests;
			productName = GeofenceTests;
			productReference = AA7433731C826B4900E70BB8 /* GeofenceTests.xctest */;
			productType = "com.apple.product-type.bundle.unit-test";
		};
		AA74337D1C826B4900E70BB8 /* GeofenceUITests */ = {
			isa = PBXNativeTarget;
			buildConfigurationList = AA74338D1C826B4900E70BB8 /* Build configuration list for PBXNativeTarget "GeofenceUITests" */;
			buildPhases = (
				AA74337A1C826B4900E70BB8 /* Sources */,
				AA74337B1C826B4900E70BB8 /* Frameworks */,
				AA74337C1C826B4900E70BB8 /* Resources */,
			);
			buildRules = (
			);
			dependencies = (
				AA7433801C826B4900E70BB8 /* PBXTargetDependency */,
			);
			name = GeofenceUITests;
			productName = GeofenceUITests;
			productReference = AA74337E1C826B4900E70BB8 /* GeofenceUITests.xctest */;
			productType = "com.apple.product-type.bundle.ui-testing";
		};
/* End PBXNativeTarget section */

/* Begin PBXProject section */
		AA7433571C826B4900E70BB8 /* Project object */ = {
			isa = PBXProject;
			attributes = {
				LastSwiftUpdateCheck = 0720;
				LastUpgradeCheck = 0720;
				ORGANIZATIONNAME = "Christian Torres";
				TargetAttributes = {
					AA74335E1C826B4900E70BB8 = {
						CreatedOnToolsVersion = 7.2.1;
					};
					AA7433721C826B4900E70BB8 = {
						CreatedOnToolsVersion = 7.2.1;
						TestTargetID = AA74335E1C826B4900E70BB8;
					};
					AA74337D1C826B4900E70BB8 = {
						CreatedOnToolsVersion = 7.2.1;
						TestTargetID = AA74335E1C826B4900E70BB8;
					};
				};
			};
			buildConfigurationList = AA74335A1C826B4900E70BB8 /* Build configuration list for PBXProject "Geofence" */;
			compatibilityVersion = "Xcode 3.2";
			developmentRegion = English;
			hasScannedForEncodings = 0;
			knownRegions = (
				en,
				Base,
			);
			mainGroup = AA7433561C826B4900E70BB8;
			productRefGroup = AA7433601C826B4900E70BB8 /* Products */;
			projectDirPath = "";
			projectRoot = "";
			targets = (
				AA74335E1C826B4900E70BB8 /* Geofence */,
				AA7433721C826B4900E70BB8 /* GeofenceTests */,
				AA74337D1C826B4900E70BB8 /* GeofenceUITests */,
			);
		};
/* End PBXProject section */

/* Begin PBXResourcesBuildPhase section */
		AA74335D1C826B4900E70BB8 /* Resources */ = {
			isa = PBXResourcesBuildPhase;
			buildActionMask = 2147483647;
			files = (
				AA74336D1C826B4900E70BB8 /* LaunchScreen.storyboard in Resources */,
				AA74336A1C826B4900E70BB8 /* Assets.xcassets in Resources */,
				AA7433681C826B4900E70BB8 /* Main.storyboard in Resources */,
			);
			runOnlyForDeploymentPostprocessing = 0;
		};
		AA7433711C826B4900E70BB8 /* Resources */ = {
			isa = PBXResourcesBuildPhase;
			buildActionMask = 2147483647;
			files = (
			);
			runOnlyForDeploymentPostprocessing = 0;
		};
		AA74337C1C826B4900E70BB8 /* Resources */ = {
			isa = PBXResourcesBuildPhase;
			buildActionMask = 2147483647;
			files = (
			);
			runOnlyForDeploymentPostprocessing = 0;
		};
/* End PBXResourcesBuildPhase section */

/* Begin PBXSourcesBuildPhase section */
		AA74335B1C826B4900E70BB8 /* Sources */ = {
			isa = PBXSourcesBuildPhase;
			buildActionMask = 2147483647;
			files = (
				AA7433651C826B4900E70BB8 /* ViewController.swift in Sources */,
				AA7433631C826B4900E70BB8 /* AppDelegate.swift in Sources */,
			);
			runOnlyForDeploymentPostprocessing = 0;
		};
		AA74336F1C826B4900E70BB8 /* Sources */ = {
			isa = PBXSourcesBuildPhase;
			buildActionMask = 2147483647;
			files = (
				AA7433781C826B4900E70BB8 /* GeofenceTests.swift in Sources */,
			);
			runOnlyForDeploymentPostprocessing = 0;
		};
		AA74337A1C826B4900E70BB8 /* Sources */ = {
			isa = PBXSourcesBuildPhase;
			buildActionMask = 2147483647;
			files = (
				AA7433831C826B4900E70BB8 /* GeofenceUITests.swift in Sources */,
			);
			runOnlyForDeploymentPostprocessing = 0;
		};
/* End PBXSourcesBuildPhase section */

/* Begin PBXTargetDependency section */
		AA7433751C826B4900E70BB8 /* PBXTargetDependency */ = {
			isa = PBXTargetDependency;
			target = AA74335E1C826B4900E70BB8 /* Geofence */;
			targetProxy = AA7433741C826B4900E70BB8 /* PBXContainerItemProxy */;
		};
		AA7433801C826B4900E70BB8 /* PBXTargetDependency */ = {
			isa = PBXTargetDependency;
			target = AA74335E1C826B4900E70BB8 /* Geofence */;
			targetProxy = AA74337F1C826B4900E70BB8 /* PBXContainerItemProxy */;
		};
/* End PBXTargetDependency section */

/* Begin PBXVariantGroup section */
		AA7433661C826B4900E70BB8 /* Main.storyboard */ = {
			isa = PBXVariantGroup;
			children = (
				AA7433671C826B4900E70BB8 /* Base */,
			);
			name = Main.storyboard;
			sourceTree = "<group>";
		};
		AA74336B1C826B4900E70BB8 /* LaunchScreen.storyboard */ = {
			isa = PBXVariantGroup;
			children = (
				AA74336C1C826B4900E70BB8 /* Base */,
			);
			name = LaunchScreen.storyboard;
			sourceTree = "<group>";
		};
/* End PBXVariantGroup section */

/* Begin XCBuildConfiguration section */
		AA7433851C826B4900E70BB8 /* Debug */ = {
			isa = XCBuildConfiguration;
			buildSettings = {
				ALWAYS_SEARCH_USER_PATHS = NO;
				CLANG_CXX_LANGUAGE_STANDARD = "gnu++0x";
				CLANG_CXX_LIBRARY = "libc++";
				CLANG_ENABLE_MODULES = YES;
				CLANG_ENABLE_OBJC_ARC = YES;
				CLANG_WARN_BOOL_CONVERSION = YES;
				CLANG_WARN_CONSTANT_CONVERSION = YES;
				CLANG_WARN_DIRECT_OBJC_ISA_USAGE = YES_ERROR;
				CLANG_WARN_EMPTY_BODY = YES;
				CLANG_WARN_ENUM_CONVERSION = YES;
				CLANG_WARN_INT_CONVERSION = YES;
				CLANG_WARN_OBJC_ROOT_CLASS = YES_ERROR;
				CLANG_WARN_UNREACHABLE_CODE = YES;
				CLANG_WARN__DUPLICATE_METHOD_MATCH = YES;
				"CODE_SIGN_IDENTITY[sdk=iphoneos*]" = "iPhone Developer";
				COPY_PHASE_STRIP = NO;
				DEBUG_INFORMATION_FORMAT = dwarf;
				ENABLE_STRICT_OBJC_MSGSEND = YES;
				ENABLE_TESTABILITY = YES;
				GCC_C_LANGUAGE_STANDARD = gnu99;
				GCC_DYNAMIC_NO_PIC = NO;
				GCC_NO_COMMON_BLOCKS = YES;
				GCC_OPTIMIZATION_LEVEL = 0;
				GCC_PREPROCESSOR_DEFINITIONS = (
					"DEBUG=1",
					"$(inherited)",
				);
				GCC_WARN_64_TO_32_BIT_CONVERSION = YES;
				GCC_WARN_ABOUT_RETURN_TYPE = YES_ERROR;
				GCC_WARN_UNDECLARED_SELECTOR = YES;
				GCC_WARN_UNINITIALIZED_AUTOS = YES_AGGRESSIVE;
				GCC_WARN_UNUSED_FUNCTION = YES;
				GCC_WARN_UNUSED_VARIABLE = YES;
				IPHONEOS_DEPLOYMENT_TARGET = 9.2;
				MTL_ENABLE_DEBUG_INFO = YES;
				ONLY_ACTIVE_ARCH = YES;
				SDKROOT = iphoneos;
				SWIFT_OPTIMIZATION_LEVEL = "-Onone";
			};
			name = Debug;
		};
		AA7433861C826B4900E70BB8 /* Release */ = {
			isa = XCBuildConfiguration;
			buildSettings = {
				ALWAYS_SEARCH_USER_PATHS = NO;
				CLANG_CXX_LANGUAGE_STANDARD = "gnu++0x";
				CLANG_CXX_LIBRARY = "libc++";
				CLANG_ENABLE_MODULES = YES;
				CLANG_ENABLE_OBJC_ARC = YES;
				CLANG_WARN_BOOL_CONVERSION = YES;
				CLANG_WARN_CONSTANT_CONVERSION = YES;
				CLANG_WARN_DIRECT_OBJC_ISA_USAGE = YES_ERROR;
				CLANG_WARN_EMPTY_BODY = YES;
				CLANG_WARN_ENUM_CONVERSION = YES;
				CLANG_WARN_INT_CONVERSION = YES;
				CLANG_WARN_OBJC_ROOT_CLASS = YES_ERROR;
				CLANG_WARN_UNREACHABLE_CODE = YES;
				CLANG_WARN__DUPLICATE_METHOD_MATCH = YES;
				"CODE_SIGN_IDENTITY[sdk=iphoneos*]" = "iPhone Developer";
				COPY_PHASE_STRIP = NO;
				DEBUG_INFORMATION_FORMAT = "dwarf-with-dsym";
				ENABLE_NS_ASSERTIONS = NO;
				ENABLE_STRICT_OBJC_MSGSEND = YES;
				GCC_C_LANGUAGE_STANDARD = gnu99;
				GCC_NO_COMMON_BLOCKS = YES;
				GCC_WARN_64_TO_32_BIT_CONVERSION = YES;
				GCC_WARN_ABOUT_RETURN_TYPE = YES_ERROR;
				GCC_WARN_UNDECLARED_SELECTOR = YES;
				GCC_WARN_UNINITIALIZED_AUTOS = YES_AGGRESSIVE;
				GCC_WARN_UNUSED_FUNCTION = YES;
				GCC_WARN_UNUSED_VARIABLE = YES;
				IPHONEOS_DEPLOYMENT_TARGET = 9.2;
				MTL_ENABLE_DEBUG_INFO = NO;
				SDKROOT = iphoneos;
				VALIDATE_PRODUCT = YES;
			};
			name = Release;
		};
		AA7433881C826B4900E70BB8 /* Debug */ = {
			isa = XCBuildConfiguration;
			buildSettings = {
				ASSETCATALOG_COMPILER_APPICON_NAME = AppIcon;
				INFOPLIST_FILE = Geofence/Info.plist;
				LD_RUNPATH_SEARCH_PATHS = "$(inherited) @executable_path/Frameworks";
				PRODUCT_BUNDLE_IDENTIFIER = com.clov3rlabs.Geofence;
				PRODUCT_NAME = "$(TARGET_NAME)";
			};
			name = Debug;
		};
		AA7433891C826B4900E70BB8 /* Release */ = {
			isa = XCBuildConfiguration;
			buildSettings = {
				ASSETCATALOG_COMPILER_APPICON_NAME = AppIcon;
				INFOPLIST_FILE = Geofence/Info.plist;
				LD_RUNPATH_SEARCH_PATHS = "$(inherited) @executable_path/Frameworks";
				PRODUCT_BUNDLE_IDENTIFIER = com.clov3rlabs.Geofence;
				PRODUCT_NAME = "$(TARGET_NAME)";
			};
			name = Release;
		};
		AA74338B1C826B4900E70BB8 /* Debug */ = {
			isa = XCBuildConfiguration;
			buildSettings = {
				BUNDLE_LOADER = "$(TEST_HOST)";
				INFOPLIST_FILE = GeofenceTests/Info.plist;
				LD_RUNPATH_SEARCH_PATHS = "$(inherited) @executable_path/Frameworks @loader_path/Frameworks";
				PRODUCT_BUNDLE_IDENTIFIER = com.clov3rlabs.GeofenceTests;
				PRODUCT_NAME = "$(TARGET_NAME)";
				TEST_HOST = "$(BUILT_PRODUCTS_DIR)/Geofence.app/Geofence";
			};
			name = Debug;
		};
		AA74338C1C826B4900E70BB8 /* Release */ = {
			isa = XCBuildConfiguration;
			buildSettings = {
				BUNDLE_LOADER = "$(TEST_HOST)";
				INFOPLIST_FILE = GeofenceTests/Info.plist;
				LD_RUNPATH_SEARCH_PATHS = "$(inherited) @executable_path/Frameworks @loader_path/Frameworks";
				PRODUCT_BUNDLE_IDENTIFIER = com.clov3rlabs.GeofenceTests;
				PRODUCT_NAME = "$(TARGET_NAME)";
				TEST_HOST = "$(BUILT_PRODUCTS_DIR)/Geofence.app/Geofence";
			};
			name = Release;
		};
		AA74338E1C826B4900E70BB8 /* Debug */ = {
			isa = XCBuildConfiguration;
			buildSettings = {
				INFOPLIST_FILE = GeofenceUITests/Info.plist;
				LD_RUNPATH_SEARCH_PATHS = "$(inherited) @executable_path/Frameworks @loader_path/Frameworks";
				PRODUCT_BUNDLE_IDENTIFIER = com.clov3rlabs.GeofenceUITests;
				PRODUCT_NAME = "$(TARGET_NAME)";
				TEST_TARGET_NAME = Geofence;
				USES_XCTRUNNER = YES;
			};
			name = Debug;
		};
		AA74338F1C826B4900E70BB8 /* Release */ = {
			isa = XCBuildConfiguration;
			buildSettings = {
				INFOPLIST_FILE = GeofenceUITests/Info.plist;
				LD_RUNPATH_SEARCH_PATHS = "$(inherited) @executable_path/Frameworks @loader_path/Frameworks";
				PRODUCT_BUNDLE_IDENTIFIER = com.clov3rlabs.GeofenceUITests;
				PRODUCT_NAME = "$(TARGET_NAME)";
				TEST_TARGET_NAME = Geofence;
				USES_XCTRUNNER = YES;
			};
			name = Release;
		};
/* End XCBuildConfiguration section */

/* Begin XCConfigurationList section */
		AA74335A1C826B4900E70BB8 /* Build configuration list for PBXProject "Geofence" */ = {
			isa = XCConfigurationList;
			buildConfigurations = (
				AA7433851C826B4900E70BB8 /* Debug */,
				AA7433861C826B4900E70BB8 /* Release */,
			);
			defaultConfigurationIsVisible = 0;
			defaultConfigurationName = Release;
		};
		AA7433871C826B4900E70BB8 /* Build configuration list for PBXNativeTarget "Geofence" */ = {
			isa = XCConfigurationList;
			buildConfigurations = (
				AA7433881C826B4900E70BB8 /* Debug */,
				AA7433891C826B4900E70BB8 /* Release */,
			);
			defaultConfigurationIsVisible = 0;
		};
		AA74338A1C826B4900E70BB8 /* Build configuration list for PBXNativeTarget "GeofenceTests" */ = {
			isa = XCConfigurationList;
			buildConfigurations = (
				AA74338B1C826B4900E70BB8 /* Debug */,
				AA74338C1C826B4900E70BB8 /* Release */,
			);
			defaultConfigurationIsVisible = 0;
		};
		AA74338D1C826B4900E70BB8 /* Build configuration list for PBXNativeTarget "GeofenceUITests" */ = {
			isa = XCConfigurationList;
			buildConfigurations = (
				AA74338E1C826B4900E70BB8 /* Debug */,
				AA74338F1C826B4900E70BB8 /* Release */,
			);
			defaultConfigurationIsVisible = 0;
		};
/* End XCConfigurationList section */
	};
	rootObject = AA7433571C826B4900E70BB8 /* Project object */;
}
